
Microsoft Visual Studio Solution File, Format Version 12.00
# Visual Studio Version 17
VisualStudioVersion = 17.0.31423.177
MinimumVisualStudioVersion = 10.0.40219.1
Project("{9A19103F-16F7-4668-BE54-9A1E7A4F7556}") = "PolicyManagement.Data", "PolicyManagement.Data\PolicyManagement.Data.csproj", "{87380EB2-4879-465D-BD0E-5B3D3E7DFFD9}"
EndProject
Project("{9A19103F-16F7-4668-BE54-9A1E7A4F7556}") = "PolicyManagement.Web", "PolicyManagement.Web\PolicyManagement.Web.csproj", "{B2FA1C78-CE37-441C-94D2-4B99BD333BA7}"
EndProject
Global
	GlobalSection(SolutionConfigurationPlatforms) = preSolution
		Debug|Any CPU = Debug|Any CPU
		Debug|x64 = Debug|x64
		Debug|x86 = Debug|x86
		Release|Any CPU = Release|Any CPU
		Release|x64 = Release|x64
		Release|x86 = Release|x86
	EndGlobalSection
	GlobalSection(ProjectConfigurationPlatforms) = postSolution
		{87380EB2-4879-465D-BD0E-5B3D3E7DFFD9}.Debug|Any CPU.ActiveCfg = Debug|Any CPU
		{87380EB2-4879-465D-BD0E-5B3D3E7DFFD9}.Debug|Any CPU.Build.0 = Debug|Any CPU
		{87380EB2-4879-465D-BD0E-5B3D3E7DFFD9}.Debug|x64.ActiveCfg = Debug|Any CPU
		{87380EB2-4879-465D-BD0E-5B3D3E7DFFD9}.Debug|x64.Build.0 = Debug|Any CPU
		{87380EB2-4879-465D-BD0E-5B3D3E7DFFD9}.Debug|x86.ActiveCfg = Debug|Any CPU
		{87380EB2-4879-465D-BD0E-5B3D3E7DFFD9}.Debug|x86.Build.0 = Debug|Any CPU
		{87380EB2-4879-465D-BD0E-5B3D3E7DFFD9}.Release|Any CPU.ActiveCfg = Release|Any CPU
		{87380EB2-4879-465D-BD0E-5B3D3E7DFFD9}.Release|Any CPU.Build.0 = Release|Any CPU
		{87380EB2-4879-465D-BD0E-5B3D3E7DFFD9}.Release|x64.ActiveCfg = Release|Any CPU
		{87380EB2-4879-465D-BD0E-5B3D3E7DFFD9}.Release|x64.Build.0 = Release|Any CPU
		{87380EB2-4879-465D-BD0E-5B3D3E7DFFD9}.Release|x86.ActiveCfg = Release|Any CPU
		{87380EB2-4879-465D-BD0E-5B3D3E7DFFD9}.Release|x86.Build.0 = Release|Any CPU
		{B2FA1C78-CE37-441C-94D2-4B99BD333BA7}.Debug|Any CPU.ActiveCfg = Debug|Any CPU
		{B2FA1C78-CE37-441C-94D2-4B99BD333BA7}.Debug|Any CPU.Build.0 = Debug|Any CPU
		{B2FA1C78-CE37-441C-94D2-4B99BD333BA7}.Debug|x64.ActiveCfg = Debug|Any CPU
		{B2FA1C78-CE37-441C-94D2-4B99BD333BA7}.Debug|x64.Build.0 = Debug|Any CPU
		{B2FA1C78-CE37-441C-94D2-4B99BD333BA7}.Debug|x86.ActiveCfg = Debug|Any CPU
		{B2FA1C78-CE37-441C-94D2-4B99BD333BA7}.Debug|x86.Build.0 = Debug|Any CPU
		{B2FA1C78-CE37-441C-94D2-4B99BD333BA7}.Release|Any CPU.ActiveCfg = Release|Any CPU
		{B2FA1C78-CE37-441C-94D2-4B99BD333BA7}.Release|Any CPU.Build.0 = Release|Any CPU
		{B2FA1C78-CE37-441C-94D2-4B99BD333BA7}.Release|x64.ActiveCfg = Release|Any CPU
		{B2FA1C78-CE37-441C-94D2-4B99BD333BA7}.Release|x64.Build.0 = Release|Any CPU
		{B2FA1C78-CE37-441C-94D2-4B99BD333BA7}.Release|x86.ActiveCfg = Release|Any CPU
		{B2FA1C78-CE37-441C-94D2-4B99BD333BA7}.Release|x86.Build.0 = Release|Any CPU
	EndGlobalSection
	GlobalSection(SolutionProperties) = preSolution
		HideSolutionNode = FALSE
	EndGlobalSection
	GlobalSection(ExtensibilityGlobals) = postSolution
		SolutionGuid = {B3B8988D-85D2-47C6-9DA3-FEB1414F6296}
	EndGlobalSection
EndGlobal
